
Microsoft Visual Studio Solution File, Format Version 12.00
# Visual Studio Version 17
VisualStudioVersion = 17.0.31903.59
MinimumVisualStudioVersion = 10.0.40219.1
Project("{F2A71F9B-5D33-465A-A702-920D77279786}") = "Prelude", "Prelude\Prelude.fsproj", "{C625FEB5-C7B9-4EB5-B2CC-2435635BE224}"
EndProject
Project("{F2A71F9B-5D33-465A-A702-920D77279786}") = "Day01", "Day01\Day01.fsproj", "{5CC899CF-862F-4D38-9867-11FB486D79E5}"
EndProject
Project("{F2A71F9B-5D33-465A-A702-920D77279786}") = "Day02", "Day02\Day02.fsproj", "{8352E744-1365-4975-9362-C9B65CD69649}"
EndProject
Project("{F2A71F9B-5D33-465A-A702-920D77279786}") = "Day03", "Day03\Day03.fsproj", "{C9B9F1DD-DAFE-4777-B3E0-3CF4945D1A57}"
EndProject
Project("{F2A71F9B-5D33-465A-A702-920D77279786}") = "Day04", "Day04\Day04.fsproj", "{68C6B34D-3573-40AF-A8B0-5034E475B9CF}"
EndProject
Project("{F2A71F9B-5D33-465A-A702-920D77279786}") = "Day05", "Day05\Day05.fsproj", "{4F95FDCA-5E79-4901-933D-E75492CE9C9F}"
EndProject
Project("{F2A71F9B-5D33-465A-A702-920D77279786}") = "Day06", "Day06\Day06.fsproj", "{8BB7E125-BAE6-488C-B76B-2481077A8317}"
EndProject
Global
	GlobalSection(SolutionConfigurationPlatforms) = preSolution
		Debug|Any CPU = Debug|Any CPU
		Release|Any CPU = Release|Any CPU
	EndGlobalSection
	GlobalSection(SolutionProperties) = preSolution
		HideSolutionNode = FALSE
	EndGlobalSection
	GlobalSection(ProjectConfigurationPlatforms) = postSolution
		{C625FEB5-C7B9-4EB5-B2CC-2435635BE224}.Debug|Any CPU.ActiveCfg = Debug|Any CPU
		{C625FEB5-C7B9-4EB5-B2CC-2435635BE224}.Debug|Any CPU.Build.0 = Debug|Any CPU
		{C625FEB5-C7B9-4EB5-B2CC-2435635BE224}.Release|Any CPU.ActiveCfg = Release|Any CPU
		{C625FEB5-C7B9-4EB5-B2CC-2435635BE224}.Release|Any CPU.Build.0 = Release|Any CPU
		{5CC899CF-862F-4D38-9867-11FB486D79E5}.Debug|Any CPU.ActiveCfg = Debug|Any CPU
		{5CC899CF-862F-4D38-9867-11FB486D79E5}.Debug|Any CPU.Build.0 = Debug|Any CPU
		{5CC899CF-862F-4D38-9867-11FB486D79E5}.Release|Any CPU.ActiveCfg = Release|Any CPU
		{5CC899CF-862F-4D38-9867-11FB486D79E5}.Release|Any CPU.Build.0 = Release|Any CPU
		{8352E744-1365-4975-9362-C9B65CD69649}.Debug|Any CPU.ActiveCfg = Debug|Any CPU
		{8352E744-1365-4975-9362-C9B65CD69649}.Debug|Any CPU.Build.0 = Debug|Any CPU
		{8352E744-1365-4975-9362-C9B65CD69649}.Release|Any CPU.ActiveCfg = Release|Any CPU
		{8352E744-1365-4975-9362-C9B65CD69649}.Release|Any CPU.Build.0 = Release|Any CPU
		{C9B9F1DD-DAFE-4777-B3E0-3CF4945D1A57}.Debug|Any CPU.ActiveCfg = Debug|Any CPU
		{C9B9F1DD-DAFE-4777-B3E0-3CF4945D1A57}.Debug|Any CPU.Build.0 = Debug|Any CPU
		{C9B9F1DD-DAFE-4777-B3E0-3CF4945D1A57}.Release|Any CPU.ActiveCfg = Release|Any CPU
		{C9B9F1DD-DAFE-4777-B3E0-3CF4945D1A57}.Release|Any CPU.Build.0 = Release|Any CPU
		{68C6B34D-3573-40AF-A8B0-5034E475B9CF}.Debug|Any CPU.ActiveCfg = Debug|Any CPU
		{68C6B34D-3573-40AF-A8B0-5034E475B9CF}.Debug|Any CPU.Build.0 = Debug|Any CPU
		{68C6B34D-3573-40AF-A8B0-5034E475B9CF}.Release|Any CPU.ActiveCfg = Release|Any CPU
		{68C6B34D-3573-40AF-A8B0-5034E475B9CF}.Release|Any CPU.Build.0 = Release|Any CPU
		{4F95FDCA-5E79-4901-933D-E75492CE9C9F}.Debug|Any CPU.ActiveCfg = Debug|Any CPU
		{4F95FDCA-5E79-4901-933D-E75492CE9C9F}.Debug|Any CPU.Build.0 = Debug|Any CPU
		{4F95FDCA-5E79-4901-933D-E75492CE9C9F}.Release|Any CPU.ActiveCfg = Release|Any CPU
		{4F95FDCA-5E79-4901-933D-E75492CE9C9F}.Release|Any CPU.Build.0 = Release|Any CPU
		{8BB7E125-BAE6-488C-B76B-2481077A8317}.Debug|Any CPU.ActiveCfg = Debug|Any CPU
		{8BB7E125-BAE6-488C-B76B-2481077A8317}.Debug|Any CPU.Build.0 = Debug|Any CPU
		{8BB7E125-BAE6-488C-B76B-2481077A8317}.Release|Any CPU.ActiveCfg = Release|Any CPU
		{8BB7E125-BAE6-488C-B76B-2481077A8317}.Release|Any CPU.Build.0 = Release|Any CPU
	EndGlobalSection
EndGlobal
